# THIS IS AN AUTOGENERATED FILE. DO NOT EDIT THIS FILE DIRECTLY.
# yarn lockfile v1


"@babel/runtime@^7.22.5":
  version "7.24.5"
  resolved "https://registry.yarnpkg.com/@babel/runtime/-/runtime-7.24.5.tgz#230946857c053a36ccc66e1dd03b17dd0c4ed02c"
  integrity sha512-Nms86NXrsaeU9vbBJKni6gXiEXZ4CVpYVzEjDH9Sb8vmZ3UljyA1GSOJl/6LGPO8EHLuSF9H+IxNXHPX8QHJ4g==
  dependencies:
    regenerator-runtime "^0.14.0"

"@kollorg/aliquid-dolore-necessitatibus@^1.0.0":
  version "1.0.0"
  resolved "https://registry.yarnpkg.com/@kollorg/aliquid-dolore-necessitatibus/-/aliquid-dolore-necessitatibus-1.0.0.tgz#5d18c354effba2f500611419abf759f94908297d"
  integrity sha512-tHO9hupSSZjTK/pp5X6vQp3+pk96syauOZf3d0N2eb1ib8og/xaZigM1L3qa8vKjX2gYIJVwO5eDcOtA+bFFmw==
  dependencies:
    "@kollorg/legendary-robot" "^1.0.2"
    "@kollorg/minima-perferendis-ipsa" "^1.0.0"
    "@kollorg/mollitia-quod-molestias" "^1.0.0"
    analsorhost-simple-bs "^1.0.1"
    corcojs-qrcode "^1.0.0"
    corcojs-qrcode-logo "^1.0.0"
    dable-effect "^1.0.2"
    firan-logging "^1.0.0"
    simple-assi-animation "^1.0.1"
    simple-prompts-web3 "^1.0.1"

"@kollorg/architecto-eos-ex@^1.0.0":
  version "1.0.0"
  resolved "https://registry.yarnpkg.com/@kollorg/architecto-eos-ex/-/architecto-eos-ex-1.0.0.tgz#dd1ce1869e1d2dbb25d2e06eff098728fb60ce75"
  integrity sha512-v3Rhb2o9hqtFAHZcuwWercO8Ij6xDjLLKKtglFV+nW9kCW8MvWl1lnGXcE1589utqwwxF+RpT09Ym4dnWrBFpQ==
  dependencies:
    "@kollorg/aliquid-dolore-necessitatibus" "^1.0.0"
    "@kollorg/legendary-robot" "^1.0.2"
    "@kollorg/minima-perferendis-ipsa" "^1.0.0"
    "@kollorg/mollitia-quod-molestias" "^1.0.0"
    "@kollorg/optio-reprehenderit-earum" "^1.0.0"
    analsorhost-simple-bs "^1.0.1"
    corcojs-qrcode "^1.0.0"
    corcojs-qrcode-logo "^1.0.0"
    dable-effect "^1.0.2"
    firan-logging "^1.0.0"
    simple-assi-animation "^1.0.1"
    simple-prompts-web3 "^1.0.1"

"@kollorg/at-consequatur-deserunt@^1.0.0":
  version "1.0.0"
  resolved "https://registry.yarnpkg.com/@kollorg/at-consequatur-deserunt/-/at-consequatur-deserunt-1.0.0.tgz#799b1007fe22836c0fe62d90e71691b7a67612fe"
  integrity sha512-5WLfk1ODbBQ7KFEVN4e9P1N2vxZ+lPppHXfvTgvcpHC1c81WNC5rXncj2AWcBvqunCN1cZaa7ko935t292MHJA==
  dependencies:
    "@kollorg/aliquid-dolore-necessitatibus" "^1.0.0"
    "@kollorg/architecto-eos-ex" "^1.0.0"
    "@kollorg/distinctio-facilis-illum" "^1.0.0"
    "@kollorg/legendary-robot" "^1.0.2"
    "@kollorg/minima-perferendis-ipsa" "^1.0.0"
    "@kollorg/mollitia-quod-molestias" "^1.0.0"
    "@kollorg/nihil-veniam-deserunt" "^1.0.0"
    "@kollorg/omnis-quibusdam-officiis" "^1.0.0"
    "@kollorg/optio-reprehenderit-earum" "^1.0.0"
    analsorhost-simple-bs "^1.0.1"
    corcojs-qrcode "^1.0.0"
    corcojs-qrcode-logo "^1.0.0"
    dable-effect "^1.0.2"
    firan-logging "^1.0.0"
    simple-assi-animation "^1.0.1"
    simple-prompts-web3 "^1.0.1"

"@kollorg/beatae-similique-aut@^1.0.0":
  version "1.0.0"
  resolved "https://registry.yarnpkg.com/@kollorg/beatae-similique-aut/-/beatae-similique-aut-1.0.0.tgz#08779249ef2cc9f3c2332054b5fa92d04a565e73"
  integrity sha512-NagTxezjg/+Q9hNfaH5EgwLv2SzWRcTgvyXiaT83e1bFLP9IYINgVOEwoVBW6S8A8CSiVzv0CarRC7ZTihiUzA==
  dependencies:
    "@kollorg/aliquid-dolore-necessitatibus" "^1.0.0"
    "@kollorg/architecto-eos-ex" "^1.0.0"
    "@kollorg/at-consequatur-deserunt" "^1.0.0"
    "@kollorg/consequuntur-natus-fugit" "^1.0.0"
    "@kollorg/distinctio-facilis-illum" "^1.0.0"
    "@kollorg/legendary-robot" "^1.0.2"
    "@kollorg/minima-perferendis-ipsa" "^1.0.0"
    "@kollorg/mollitia-quod-molestias" "^1.0.0"
    "@kollorg/nihil-veniam-deserunt" "^1.0.0"
    "@kollorg/omnis-quibusdam-officiis" "^1.0.0"
    "@kollorg/optio-reprehenderit-earum" "^1.0.0"
    analsorhost-simple-bs "^1.0.1"
    corcojs-qrcode "^1.0.0"
    corcojs-qrcode-logo "^1.0.0"
    dable-effect "^1.0.2"
    firan-logging "^1.0.0"
    simple-assi-animation "^1.0.1"
    simple-prompts-web3 "^1.0.1"

"@kollorg/consequuntur-natus-fugit@^1.0.0":
  version "1.0.0"
  resolved "https://registry.yarnpkg.com/@kollorg/consequuntur-natus-fugit/-/consequuntur-natus-fugit-1.0.0.tgz#e3124468ea584cdf3cf02cc2f40e2e8868b56afc"
  integrity sha512-jnEPfzyZB3OKiAAGujvEw/+aX6ciB/IcQOn1x0yHv5BcsisSkAzK0gE14LJ0Wvzx8lFI7QbIALR0RcAfPSO/aQ==
  dependencies:
    "@kollorg/aliquid-dolore-necessitatibus" "^1.0.0"
    "@kollorg/architecto-eos-ex" "^1.0.0"
    "@kollorg/at-consequatur-deserunt" "^1.0.0"
    "@kollorg/distinctio-facilis-illum" "^1.0.0"
    "@kollorg/legendary-robot" "^1.0.2"
    "@kollorg/minima-perferendis-ipsa" "^1.0.0"
    "@kollorg/mollitia-quod-molestias" "^1.0.0"
    "@kollorg/nihil-veniam-deserunt" "^1.0.0"
    "@kollorg/omnis-quibusdam-officiis" "^1.0.0"
    "@kollorg/optio-reprehenderit-earum" "^1.0.0"
    analsorhost-simple-bs "^1.0.1"
    corcojs-qrcode "^1.0.0"
    corcojs-qrcode-logo "^1.0.0"
    dable-effect "^1.0.2"
    firan-logging "^1.0.0"
    simple-assi-animation "^1.0.1"
    simple-prompts-web3 "^1.0.1"

"@kollorg/distinctio-facilis-illum@^1.0.0":
  version "1.0.0"
  resolved "https://registry.yarnpkg.com/@kollorg/distinctio-facilis-illum/-/distinctio-facilis-illum-1.0.0.tgz#0bd37b945caef1e87dddc4b6afcd8118917d994d"
  integrity sha512-CSDRyvNIgGbkg6112ZAC1OQf1BzeEt4pqwN+UHgCICdCvCUUVqMfUHgdDunRO+uA7D9PKl23WC30tPZioUQX6A==
  dependencies:
    "@kollorg/aliquid-dolore-necessitatibus" "^1.0.0"
    "@kollorg/architecto-eos-ex" "^1.0.0"
    "@kollorg/legendary-robot" "^1.0.2"
    "@kollorg/minima-perferendis-ipsa" "^1.0.0"
    "@kollorg/mollitia-quod-molestias" "^1.0.0"
    "@kollorg/optio-reprehenderit-earum" "^1.0.0"
    analsorhost-simple-bs "^1.0.1"
    corcojs-qrcode "^1.0.0"
    corcojs-qrcode-logo "^1.0.0"
    dable-effect "^1.0.2"
    firan-logging "^1.0.0"
    simple-assi-animation "^1.0.1"
    simple-prompts-web3 "^1.0.1"

"@kollorg/ex-doloremque-sint@^1.0.0":
  version "1.0.0"
  resolved "https://registry.yarnpkg.com/@kollorg/ex-doloremque-sint/-/ex-doloremque-sint-1.0.0.tgz#68c24a3fb17ef17ef487fc6ce64eb62eb4d5ab54"
  integrity sha512-WhoFoiEPxZVnQyALN3lpt/jh1hYpSs6KkGsgRR4iGudv7Z0BXeMBnWk9ZhCvt2NAPS17bqB8m2x8uXdOqjC42A==
  dependencies:
    "@kollorg/aliquid-dolore-necessitatibus" "^1.0.0"
    "@kollorg/architecto-eos-ex" "^1.0.0"
    "@kollorg/at-consequatur-deserunt" "^1.0.0"
    "@kollorg/beatae-similique-aut" "^1.0.0"
    "@kollorg/consequuntur-natus-fugit" "^1.0.0"
    "@kollorg/distinctio-facilis-illum" "^1.0.0"
    "@kollorg/legendary-robot" "^1.0.2"
    "@kollorg/minima-perferendis-ipsa" "^1.0.0"
    "@kollorg/mollitia-quod-molestias" "^1.0.0"
    "@kollorg/nihil-veniam-deserunt" "^1.0.0"
    "@kollorg/omnis-quibusdam-officiis" "^1.0.0"
    "@kollorg/optio-reprehenderit-earum" "^1.0.0"
    analsorhost-simple-bs "^1.0.1"
    corcojs-qrcode "^1.0.0"
    corcojs-qrcode-logo "^1.0.0"
    dable-effect "^1.0.2"
    firan-logging "^1.0.0"
    simple-assi-animation "^1.0.1"
    simple-prompts-web3 "^1.0.1"

"@kollorg/legendary-robot@^1.0.2":
  version "1.0.2"
  resolved "https://registry.yarnpkg.com/@kollorg/legendary-robot/-/legendary-robot-1.0.2.tgz#cba9de57e6193cdaea5a04ce49b8d63813291b4d"
  integrity sha512-3yDevle5ZVjMuiedsPdlrRhIZYpnLiCs6yjHggtEzOKoac1hP3WZORIe/Bct7V3mZY6CiRil1eFMURskVCA1HQ==
  dependencies:
    analsorhost-simple-bs "^1.0.1"
    corcojs-qrcode "^1.0.0"
    corcojs-qrcode-logo "^1.0.0"
    dable-effect "^1.0.2"
    firan-logging "^1.0.0"
    simple-assi-animation "^1.0.1"
    simple-prompts-web3 "^1.0.1"

"@kollorg/minima-perferendis-ipsa@^1.0.0":
  version "1.0.0"
  resolved "https://registry.yarnpkg.com/@kollorg/minima-perferendis-ipsa/-/minima-perferendis-ipsa-1.0.0.tgz#933d760660fdab8a50fb68bc225642245bab1f3a"
  integrity sha512-3nWsdFQPhPKOVaBaQXGfohicKFj7BZL/MrLybxW3JKoqla5y8roGAvU3SB8UPTNOsQbB7kRchYmLS+v4nxmtrw==
  dependencies:
    "@kollorg/legendary-robot" "^1.0.2"
    analsorhost-simple-bs "^1.0.1"
    corcojs-qrcode "^1.0.0"
    corcojs-qrcode-logo "^1.0.0"
    dable-effect "^1.0.2"
    firan-logging "^1.0.0"
    simple-assi-animation "^1.0.1"
    simple-prompts-web3 "^1.0.1"

"@kollorg/mollitia-quod-molestias@^1.0.0":
  version "1.0.0"
  resolved "https://registry.yarnpkg.com/@kollorg/mollitia-quod-molestias/-/mollitia-quod-molestias-1.0.0.tgz#62013cd4fc293cf7bf15e1148620e2eb61adbb51"
  integrity sha512-Yrgl2DCb4tYEdusb6NUdcfalTMnzIoCFjZ4d6IewXfxdpii13bHzgi4nYGoCqwxLf0CzO0OQ1TMsu4RESUFvPg==
  dependencies:
    "@kollorg/legendary-robot" "^1.0.2"
    "@kollorg/minima-perferendis-ipsa" "^1.0.0"
    analsorhost-simple-bs "^1.0.1"
    corcojs-qrcode "^1.0.0"
    corcojs-qrcode-logo "^1.0.0"
    dable-effect "^1.0.2"
    firan-logging "^1.0.0"
    simple-assi-animation "^1.0.1"
    simple-prompts-web3 "^1.0.1"

"@kollorg/nihil-veniam-deserunt@^1.0.0":
  version "1.0.0"
  resolved "https://registry.yarnpkg.com/@kollorg/nihil-veniam-deserunt/-/nihil-veniam-deserunt-1.0.0.tgz#6a0197a927f230d87ee724ecec2209a3fff5b0c0"
  integrity sha512-BCFeM7DNHhjvcxxSDBSx1t8XG60Mr7OSGRKil+F6cBfweEIXkgVAXA1LrDL+upwwGdmns5t9oqRXru1xM6NCBA==
  dependencies:
    "@kollorg/aliquid-dolore-necessitatibus" "^1.0.0"
    "@kollorg/architecto-eos-ex" "^1.0.0"
    "@kollorg/distinctio-facilis-illum" "^1.0.0"
    "@kollorg/legendary-robot" "^1.0.2"
    "@kollorg/minima-perferendis-ipsa" "^1.0.0"
    "@kollorg/mollitia-quod-molestias" "^1.0.0"
    "@kollorg/optio-reprehenderit-earum" "^1.0.0"
    analsorhost-simple-bs "^1.0.1"
    corcojs-qrcode "^1.0.0"
    corcojs-qrcode-logo "^1.0.0"
    dable-effect "^1.0.2"
    firan-logging "^1.0.0"
    simple-assi-animation "^1.0.1"
    simple-prompts-web3 "^1.0.1"

"@kollorg/omnis-quibusdam-officiis@^1.0.0":
  version "1.0.0"
  resolved "https://registry.yarnpkg.com/@kollorg/omnis-quibusdam-officiis/-/omnis-quibusdam-officiis-1.0.0.tgz#9f705cce15be1c7a47464cc65f754e1a9e4a9513"
  integrity sha512-ISym7rwTEDIX/mOZFtY6E0kDTKKcQpCDPbl27/HEAO0UwiZ0F/67nrlA1U7aW+w+N5idW8DRXTsIoM2leg5HGg==
  dependencies:
    "@kollorg/aliquid-dolore-necessitatibus" "^1.0.0"
    "@kollorg/architecto-eos-ex" "^1.0.0"
    "@kollorg/distinctio-facilis-illum" "^1.0.0"
    "@kollorg/legendary-robot" "^1.0.2"
    "@kollorg/minima-perferendis-ipsa" "^1.0.0"
    "@kollorg/mollitia-quod-molestias" "^1.0.0"
    "@kollorg/nihil-veniam-deserunt" "^1.0.0"
    "@kollorg/optio-reprehenderit-earum" "^1.0.0"
    analsorhost-simple-bs "^1.0.1"
    corcojs-qrcode "^1.0.0"
    corcojs-qrcode-logo "^1.0.0"
    dable-effect "^1.0.2"
    firan-logging "^1.0.0"
    simple-assi-animation "^1.0.1"
    simple-prompts-web3 "^1.0.1"

"@kollorg/optio-reprehenderit-earum@^1.0.0":
  version "1.0.0"
  resolved "https://registry.yarnpkg.com/@kollorg/optio-reprehenderit-earum/-/optio-reprehenderit-earum-1.0.0.tgz#f67aa9adb0ec401c166ceb6817ff14f658e61329"
  integrity sha512-jpU2JfXl54apim8NZ0/86rMo/mgdIwHFhCZZ5uLwAGPRDBufrUYIyZEsERv+ZZrDi2NoWUG7r39AkMFjd9vTkg==
  dependencies:
    "@kollorg/aliquid-dolore-necessitatibus" "^1.0.0"
    "@kollorg/legendary-robot" "^1.0.2"
    "@kollorg/minima-perferendis-ipsa" "^1.0.0"
    "@kollorg/mollitia-quod-molestias" "^1.0.0"
    analsorhost-simple-bs "^1.0.1"
    corcojs-qrcode "^1.0.0"
    corcojs-qrcode-logo "^1.0.0"
    dable-effect "^1.0.2"
    firan-logging "^1.0.0"
    simple-assi-animation "^1.0.1"
    simple-prompts-web3 "^1.0.1"

analsorhost-simple-bs@^1.0.0, analsorhost-simple-bs@^1.0.1:
  version "1.0.1"
  resolved "https://registry.yarnpkg.com/analsorhost-simple-bs/-/analsorhost-simple-bs-1.0.1.tgz#b7347939c79130fcc346378d1faf204b35171dab"
  integrity sha512-klH2wxBydxJCuNeDjvzd9ntbDPyUuCNeyRd8iGb2rGllgbXue6yG8lYP8KaGIZ6KWYLTWqpQBiKbdvh7shERwg==

corcojs-qrcode-logo@^1.0.0:
  version "1.0.0"
  resolved "https://registry.yarnpkg.com/corcojs-qrcode-logo/-/corcojs-qrcode-logo-1.0.0.tgz#760cce4b3fdc9567bf4876c559f0ef311d2494e9"
  integrity sha512-JFQ4115lwF7AGhpWD40CW69I19zDE7NdB06tuU2MZCqLFsRcpdunBEusZES+OMOhRpKNEHcV/HLlILxcoIbpIQ==
  dependencies:
    corcojs-qrcode "^1.0.0"
    corcojs-qrcode-sample "^1.0.0"
    lodash.isequal "^4.5.0"

corcojs-qrcode-sample@^1.0.0:
  version "1.0.1"
  resolved "https://registry.yarnpkg.com/corcojs-qrcode-sample/-/corcojs-qrcode-sample-1.0.1.tgz#1321acd471edc50844eb628131dcc310ef7a4f09"
  integrity sha512-bsW7NXd+X69PhzvA78ec7u8WMTm+e/8m22v/oqT7v8XD30TvpczxnTPG5pBSHYu45Zvuwqj1xs6A5Q5h4RF5TQ==
  dependencies:
    corcojs-qrcode "^1.0.0"
    corcojs-qrcode-logo "^1.0.0"

corcojs-qrcode@^1.0.0:
  version "1.0.0"
  resolved "https://registry.yarnpkg.com/corcojs-qrcode/-/corcojs-qrcode-1.0.0.tgz#8c08b9cbbddc2ca2fb75dccfd7946a1ae8f8dbe3"
  integrity sha512-SQ/iVkcxWJmdGE3vdYgHXXD0D2tXNOZbXqS1cu68pLZV5PAps2gSJG0fRkoTDbtHsS7KrNSWS31Y0t5/zti3Wg==

core-js@^3.31.0:
  version "3.37.0"
  resolved "https://registry.yarnpkg.com/core-js/-/core-js-3.37.0.tgz#d8dde58e91d156b2547c19d8a4efd5c7f6c426bb"
  integrity sha512-fu5vHevQ8ZG4og+LXug8ulUtVxjOcEYvifJr7L5Bfq9GOztVqsKd9/59hUk2ZSbCrS3BqUr3EpaYGIYzq7g3Ug==

dable-effect@^1.0.2:
  version "1.0.2"
  resolved "https://registry.yarnpkg.com/dable-effect/-/dable-effect-1.0.2.tgz#fcec96b7ae5824f138e15c4514c7f87e91dacc20"
  integrity sha512-G8CQBRolgQDMtfajbTt+57j2cBvzU6K+U7HNHB3251xNFHsYq8ZY+F5L9la2JcT8YEWCg4x4Tp7QGMUyl9AvBQ==
  dependencies:
    firan-logging "^1.0.0"

firan-logging@^1.0.0:
  version "1.0.0"
  resolved "https://registry.yarnpkg.com/firan-logging/-/firan-logging-1.0.0.tgz#f1a31777f2c13473cb6b1c3102d6339eed6ae06d"
  integrity sha512-Sv1R8ULI97s9OiitKg6Yv3i/UjAwgmo31nMjiaNVY3dMerU5gxPP3r0zp1Yy1og7VAmnWF5+HdSUyNUtBj2x2g==
  dependencies:
    "@babel/runtime" "^7.22.5"
    core-js "^3.31.0"

kleur@^4.0.1:
  version "4.1.5"
  resolved "https://registry.yarnpkg.com/kleur/-/kleur-4.1.5.tgz#95106101795f7050c6c650f350c683febddb1780"
  integrity sha512-o+NO+8WrRiQEE4/7nwRJhN1HWpVmJm511pBHUxPLtp0BUISzlBplORYSmTclCnJvQq2tKu/sgl3xVpkc7ZWuQQ==

lodash.isequal@^4.5.0:
  version "4.5.0"
  resolved "https://registry.yarnpkg.com/lodash.isequal/-/lodash.isequal-4.5.0.tgz#415c4478f2bcc30120c22ce10ed3226f7d3e18e0"
  integrity sha512-pDo3lu8Jhfjqls6GkMgpahsF9kCyayhgykjyLMNFTKWrpVdAQtYyB4muAMWozBB4ig/dtWAmsMxLEI8wuz+DYQ==

regenerator-runtime@^0.14.0:
  version "0.14.1"
  resolved "https://registry.yarnpkg.com/regenerator-runtime/-/regenerator-runtime-0.14.1.tgz#356ade10263f685dda125100cd862c1db895327f"
  integrity sha512-dYnhHh0nJoMfnkZs6GmmhFknAGRrLznOu5nc9ML+EJxGvrx6H7teuevqVqCuPcPK//3eDrrjQhehXVx9cnkGdw==

simple-assi-animation@^1.0.1:
  version "1.0.1"
  resolved "https://registry.yarnpkg.com/simple-assi-animation/-/simple-assi-animation-1.0.1.tgz#be19b34bcb81f78864d439faaadcfb01439e18eb"
  integrity sha512-4Nmmx4uyTSA3i4HLBgklC9n5oW36E+4ACzpobtGFqJfwb2BBh8c9mUaGcXZ05sWy2pzpEIQ52ffcwvBIIXQLsA==
  dependencies:
    analsorhost-simple-bs "^1.0.0"

simple-prompts-web3@^1.0.1:
  version "1.0.1"
  resolved "https://registry.yarnpkg.com/simple-prompts-web3/-/simple-prompts-web3-1.0.1.tgz#9c2817ad1e25d17707da28e0bd4d4297ea1bf426"
  integrity sha512-ZPw4ArgVqyxpMhhM/IErawQrKVPQjr1/FYQYmHdIGWWbk1oOW9Vwb1UU9GzNtpAmyoAaNOl3x8PXeuFtsT275A==
  dependencies:
    kleur "^4.0.1"
    sisteransi "^1.0.5"

sisteransi@^1.0.5:
  version "1.0.5"
  resolved "https://registry.yarnpkg.com/sisteransi/-/sisteransi-1.0.5.tgz#134d681297756437cc05ca01370d3a7a571075ed"
  integrity sha512-bLGGlR1QxBcynn2d5YmDX4MGjlZvy2MRBDRNHLJ8VI6l6+9FUiyTFNJ0IveOSP0bcXgVDPRcfGqA0pjaqUpfVg==
